
Microsoft Visual Studio Solution File, Format Version 12.00
# Visual Studio 2013
VisualStudioVersion = 12.0.30501.0
MinimumVisualStudioVersion = 10.0.40219.1
Project("{D954291E-2A0B-460D-934E-DC6B0785DB48}") = "Stocks.Shared", "Stocks.Shared\Stocks.Shared.shproj", "{2EC8DEBA-A7F2-433C-AC6E-11139151EC3F}"
EndProject
Project("{FAE04EC0-301F-11D3-BF4B-00C04F79EFBC}") = "StocksAndroid", "StocksAndroid\StocksAndroid.csproj", "{45FEA048-DDD8-4CBA-8342-76E1C0322CCE}"
EndProject
Project("{FAE04EC0-301F-11D3-BF4B-00C04F79EFBC}") = "StocksiOS", "StocksiOS\StocksiOS.csproj", "{52671065-32C7-4803-A0E9-99F2D5B482D5}"
EndProject
Project("{2150E333-8FDC-42A3-9474-1A3956D46DE8}") = ".nuget", ".nuget", "{98E6853D-760F-4DDC-8F46-FE4DBFCB9321}"
	ProjectSection(SolutionItems) = preProject
		.nuget\NuGet.Config = .nuget\NuGet.Config
		.nuget\NuGet.exe = .nuget\NuGet.exe
		.nuget\NuGet.targets = .nuget\NuGet.targets
	EndProjectSection
EndProject
Project("{FAE04EC0-301F-11D3-BF4B-00C04F79EFBC}") = "StocksWindowsPhone", "StocksWindowsPhone\StocksWindowsPhone.csproj", "{C2026558-FFF3-4EB5-ADB0-BE044993FE32}"
EndProject
Global
	GlobalSection(SharedMSBuildProjectFiles) = preSolution
		Stocks.Shared\Stocks.Shared.projitems*{c2026558-fff3-4eb5-adb0-be044993fe32}*SharedItemsImports = 4
		Stocks.Shared\Stocks.Shared.projitems*{2ec8deba-a7f2-433c-ac6e-11139151ec3f}*SharedItemsImports = 13
		Stocks.Shared\Stocks.Shared.projitems*{45fea048-ddd8-4cba-8342-76e1c0322cce}*SharedItemsImports = 4
		Stocks.Shared\Stocks.Shared.projitems*{52671065-32c7-4803-a0e9-99f2d5b482d5}*SharedItemsImports = 4
	EndGlobalSection
	GlobalSection(SolutionConfigurationPlatforms) = preSolution
		Ad-Hoc|Any CPU = Ad-Hoc|Any CPU
		Ad-Hoc|ARM = Ad-Hoc|ARM
		Ad-Hoc|iPhone = Ad-Hoc|iPhone
		Ad-Hoc|iPhoneSimulator = Ad-Hoc|iPhoneSimulator
		Ad-Hoc|Mixed Platforms = Ad-Hoc|Mixed Platforms
		Ad-Hoc|x86 = Ad-Hoc|x86
		AppStore|Any CPU = AppStore|Any CPU
		AppStore|ARM = AppStore|ARM
		AppStore|iPhone = AppStore|iPhone
		AppStore|iPhoneSimulator = AppStore|iPhoneSimulator
		AppStore|Mixed Platforms = AppStore|Mixed Platforms
		AppStore|x86 = AppStore|x86
		Debug|Any CPU = Debug|Any CPU
		Debug|ARM = Debug|ARM
		Debug|iPhone = Debug|iPhone
		Debug|iPhoneSimulator = Debug|iPhoneSimulator
		Debug|Mixed Platforms = Debug|Mixed Platforms
		Debug|x86 = Debug|x86
		Release|Any CPU = Release|Any CPU
		Release|ARM = Release|ARM
		Release|iPhone = Release|iPhone
		Release|iPhoneSimulator = Release|iPhoneSimulator
		Release|Mixed Platforms = Release|Mixed Platforms
		Release|x86 = Release|x86
	EndGlobalSection
	GlobalSection(ProjectConfigurationPlatforms) = postSolution
		{45FEA048-DDD8-4CBA-8342-76E1C0322CCE}.Ad-Hoc|Any CPU.ActiveCfg = Release|Any CPU
		{45FEA048-DDD8-4CBA-8342-76E1C0322CCE}.Ad-Hoc|Any CPU.Build.0 = Release|Any CPU
		{45FEA048-DDD8-4CBA-8342-76E1C0322CCE}.Ad-Hoc|Any CPU.Deploy.0 = Release|Any CPU
		{45FEA048-DDD8-4CBA-8342-76E1C0322CCE}.Ad-Hoc|ARM.ActiveCfg = Debug|Any CPU
		{45FEA048-DDD8-4CBA-8342-76E1C0322CCE}.Ad-Hoc|iPhone.ActiveCfg = Release|Any CPU
		{45FEA048-DDD8-4CBA-8342-76E1C0322CCE}.Ad-Hoc|iPhoneSimulator.ActiveCfg = Release|Any CPU
		{45FEA048-DDD8-4CBA-8342-76E1C0322CCE}.Ad-Hoc|Mixed Platforms.ActiveCfg = Release|Any CPU
		{45FEA048-DDD8-4CBA-8342-76E1C0322CCE}.Ad-Hoc|Mixed Platforms.Build.0 = Release|Any CPU
		{45FEA048-DDD8-4CBA-8342-76E1C0322CCE}.Ad-Hoc|Mixed Platforms.Deploy.0 = Release|Any CPU
		{45FEA048-DDD8-4CBA-8342-76E1C0322CCE}.Ad-Hoc|x86.ActiveCfg = Debug|Any CPU
		{45FEA048-DDD8-4CBA-8342-76E1C0322CCE}.AppStore|Any CPU.ActiveCfg = Release|Any CPU
		{45FEA048-DDD8-4CBA-8342-76E1C0322CCE}.AppStore|Any CPU.Build.0 = Release|Any CPU
		{45FEA048-DDD8-4CBA-8342-76E1C0322CCE}.AppStore|Any CPU.Deploy.0 = Release|Any CPU
		{45FEA048-DDD8-4CBA-8342-76E1C0322CCE}.AppStore|ARM.ActiveCfg = Debug|Any CPU
		{45FEA048-DDD8-4CBA-8342-76E1C0322CCE}.AppStore|iPhone.ActiveCfg = Release|Any CPU
		{45FEA048-DDD8-4CBA-8342-76E1C0322CCE}.AppStore|iPhoneSimulator.ActiveCfg = Release|Any CPU
		{45FEA048-DDD8-4CBA-8342-76E1C0322CCE}.AppStore|Mixed Platforms.ActiveCfg = Release|Any CPU
		{45FEA048-DDD8-4CBA-8342-76E1C0322CCE}.AppStore|Mixed Platforms.Build.0 = Release|Any CPU
		{45FEA048-DDD8-4CBA-8342-76E1C0322CCE}.AppStore|Mixed Platforms.Deploy.0 = Release|Any CPU
		{45FEA048-DDD8-4CBA-8342-76E1C0322CCE}.AppStore|x86.ActiveCfg = Debug|Any CPU
		{45FEA048-DDD8-4CBA-8342-76E1C0322CCE}.Debug|Any CPU.ActiveCfg = Debug|Any CPU
		{45FEA048-DDD8-4CBA-8342-76E1C0322CCE}.Debug|Any CPU.Build.0 = Debug|Any CPU
		{45FEA048-DDD8-4CBA-8342-76E1C0322CCE}.Debug|Any CPU.Deploy.0 = Debug|Any CPU
		{45FEA048-DDD8-4CBA-8342-76E1C0322CCE}.Debug|ARM.ActiveCfg = Debug|Any CPU
		{45FEA048-DDD8-4CBA-8342-76E1C0322CCE}.Debug|iPhone.ActiveCfg = Debug|Any CPU
		{45FEA048-DDD8-4CBA-8342-76E1C0322CCE}.Debug|iPhoneSimulator.ActiveCfg = Debug|Any CPU
		{45FEA048-DDD8-4CBA-8342-76E1C0322CCE}.Debug|Mixed Platforms.ActiveCfg = Debug|Any CPU
		{45FEA048-DDD8-4CBA-8342-76E1C0322CCE}.Debug|Mixed Platforms.Build.0 = Debug|Any CPU
		{45FEA048-DDD8-4CBA-8342-76E1C0322CCE}.Debug|Mixed Platforms.Deploy.0 = Debug|Any CPU
		{45FEA048-DDD8-4CBA-8342-76E1C0322CCE}.Debug|x86.ActiveCfg = Debug|Any CPU
		{45FEA048-DDD8-4CBA-8342-76E1C0322CCE}.Release|Any CPU.ActiveCfg = Release|Any CPU
		{45FEA048-DDD8-4CBA-8342-76E1C0322CCE}.Release|Any CPU.Build.0 = Release|Any CPU
		{45FEA048-DDD8-4CBA-8342-76E1C0322CCE}.Release|Any CPU.Deploy.0 = Release|Any CPU
		{45FEA048-DDD8-4CBA-8342-76E1C0322CCE}.Release|ARM.ActiveCfg = Release|Any CPU
		{45FEA048-DDD8-4CBA-8342-76E1C0322CCE}.Release|iPhone.ActiveCfg = Release|Any CPU
		{45FEA048-DDD8-4CBA-8342-76E1C0322CCE}.Release|iPhoneSimulator.ActiveCfg = Release|Any CPU
		{45FEA048-DDD8-4CBA-8342-76E1C0322CCE}.Release|Mixed Platforms.ActiveCfg = Release|Any CPU
		{45FEA048-DDD8-4CBA-8342-76E1C0322CCE}.Release|Mixed Platforms.Build.0 = Release|Any CPU
		{45FEA048-DDD8-4CBA-8342-76E1C0322CCE}.Release|Mixed Platforms.Deploy.0 = Release|Any CPU
		{45FEA048-DDD8-4CBA-8342-76E1C0322CCE}.Release|x86.ActiveCfg = Release|Any CPU
		{52671065-32C7-4803-A0E9-99F2D5B482D5}.Ad-Hoc|Any CPU.ActiveCfg = Ad-Hoc|iPhone
		{52671065-32C7-4803-A0E9-99F2D5B482D5}.Ad-Hoc|ARM.ActiveCfg = Ad-Hoc|iPhoneSimulator
		{52671065-32C7-4803-A0E9-99F2D5B482D5}.Ad-Hoc|iPhone.ActiveCfg = Ad-Hoc|iPhone
		{52671065-32C7-4803-A0E9-99F2D5B482D5}.Ad-Hoc|iPhone.Build.0 = Ad-Hoc|iPhone
		{52671065-32C7-4803-A0E9-99F2D5B482D5}.Ad-Hoc|iPhone.Deploy.0 = Ad-Hoc|iPhone
		{52671065-32C7-4803-A0E9-99F2D5B482D5}.Ad-Hoc|iPhoneSimulator.ActiveCfg = Ad-Hoc|iPhoneSimulator
		{52671065-32C7-4803-A0E9-99F2D5B482D5}.Ad-Hoc|iPhoneSimulator.Build.0 = Ad-Hoc|iPhoneSimulator
		{52671065-32C7-4803-A0E9-99F2D5B482D5}.Ad-Hoc|iPhoneSimulator.Deploy.0 = Ad-Hoc|iPhoneSimulator
		{52671065-32C7-4803-A0E9-99F2D5B482D5}.Ad-Hoc|Mixed Platforms.ActiveCfg = Ad-Hoc|iPhone
		{52671065-32C7-4803-A0E9-99F2D5B482D5}.Ad-Hoc|Mixed Platforms.Build.0 = Ad-Hoc|iPhone
		{52671065-32C7-4803-A0E9-99F2D5B482D5}.Ad-Hoc|Mixed Platforms.Deploy.0 = Ad-Hoc|iPhone
		{52671065-32C7-4803-A0E9-99F2D5B482D5}.Ad-Hoc|x86.ActiveCfg = Ad-Hoc|iPhoneSimulator
		{52671065-32C7-4803-A0E9-99F2D5B482D5}.AppStore|Any CPU.ActiveCfg = AppStore|iPhone
		{52671065-32C7-4803-A0E9-99F2D5B482D5}.AppStore|ARM.ActiveCfg = AppStore|iPhoneSimulator
		{52671065-32C7-4803-A0E9-99F2D5B482D5}.AppStore|iPhone.ActiveCfg = AppStore|iPhone
		{52671065-32C7-4803-A0E9-99F2D5B482D5}.AppStore|iPhone.Build.0 = AppStore|iPhone
		{52671065-32C7-4803-A0E9-99F2D5B482D5}.AppStore|iPhone.Deploy.0 = AppStore|iPhone
		{52671065-32C7-4803-A0E9-99F2D5B482D5}.AppStore|iPhoneSimulator.ActiveCfg = AppStore|iPhoneSimulator
		{52671065-32C7-4803-A0E9-99F2D5B482D5}.AppStore|iPhoneSimulator.Build.0 = AppStore|iPhoneSimulator
		{52671065-32C7-4803-A0E9-99F2D5B482D5}.AppStore|iPhoneSimulator.Deploy.0 = AppStore|iPhoneSimulator
		{52671065-32C7-4803-A0E9-99F2D5B482D5}.AppStore|Mixed Platforms.ActiveCfg = AppStore|iPhone
		{52671065-32C7-4803-A0E9-99F2D5B482D5}.AppStore|Mixed Platforms.Build.0 = AppStore|iPhone
		{52671065-32C7-4803-A0E9-99F2D5B482D5}.AppStore|Mixed Platforms.Deploy.0 = AppStore|iPhone
		{52671065-32C7-4803-A0E9-99F2D5B482D5}.AppStore|x86.ActiveCfg = AppStore|iPhoneSimulator
		{52671065-32C7-4803-A0E9-99F2D5B482D5}.Debug|Any CPU.ActiveCfg = Debug|iPhone
		{52671065-32C7-4803-A0E9-99F2D5B482D5}.Debug|ARM.ActiveCfg = Debug|iPhoneSimulator
		{52671065-32C7-4803-A0E9-99F2D5B482D5}.Debug|iPhone.ActiveCfg = Debug|iPhone
		{52671065-32C7-4803-A0E9-99F2D5B482D5}.Debug|iPhone.Build.0 = Debug|iPhone
		{52671065-32C7-4803-A0E9-99F2D5B482D5}.Debug|iPhone.Deploy.0 = Debug|iPhone
		{52671065-32C7-4803-A0E9-99F2D5B482D5}.Debug|iPhoneSimulator.ActiveCfg = Debug|iPhoneSimulator
		{52671065-32C7-4803-A0E9-99F2D5B482D5}.Debug|iPhoneSimulator.Build.0 = Debug|iPhoneSimulator
		{52671065-32C7-4803-A0E9-99F2D5B482D5}.Debug|iPhoneSimulator.Deploy.0 = Debug|iPhoneSimulator
		{52671065-32C7-4803-A0E9-99F2D5B482D5}.Debug|Mixed Platforms.ActiveCfg = Debug|iPhoneSimulator
		{52671065-32C7-4803-A0E9-99F2D5B482D5}.Debug|Mixed Platforms.Build.0 = Debug|iPhoneSimulator
		{52671065-32C7-4803-A0E9-99F2D5B482D5}.Debug|Mixed Platforms.Deploy.0 = Debug|iPhoneSimulator
		{52671065-32C7-4803-A0E9-99F2D5B482D5}.Debug|x86.ActiveCfg = Debug|iPhoneSimulator
		{52671065-32C7-4803-A0E9-99F2D5B482D5}.Release|Any CPU.ActiveCfg = Release|iPhone
		{52671065-32C7-4803-A0E9-99F2D5B482D5}.Release|ARM.ActiveCfg = Release|iPhoneSimulator
		{52671065-32C7-4803-A0E9-99F2D5B482D5}.Release|iPhone.ActiveCfg = Release|iPhone
		{52671065-32C7-4803-A0E9-99F2D5B482D5}.Release|iPhone.Build.0 = Release|iPhone
		{52671065-32C7-4803-A0E9-99F2D5B482D5}.Release|iPhone.Deploy.0 = Release|iPhone
		{52671065-32C7-4803-A0E9-99F2D5B482D5}.Release|iPhoneSimulator.ActiveCfg = Release|iPhoneSimulator
		{52671065-32C7-4803-A0E9-99F2D5B482D5}.Release|iPhoneSimulator.Build.0 = Release|iPhoneSimulator
		{52671065-32C7-4803-A0E9-99F2D5B482D5}.Release|iPhoneSimulator.Deploy.0 = Release|iPhoneSimulator
		{52671065-32C7-4803-A0E9-99F2D5B482D5}.Release|Mixed Platforms.ActiveCfg = Release|iPhone
		{52671065-32C7-4803-A0E9-99F2D5B482D5}.Release|Mixed Platforms.Build.0 = Release|iPhone
		{52671065-32C7-4803-A0E9-99F2D5B482D5}.Release|Mixed Platforms.Deploy.0 = Release|iPhone
		{52671065-32C7-4803-A0E9-99F2D5B482D5}.Release|x86.ActiveCfg = Release|iPhoneSimulator
		{C2026558-FFF3-4EB5-ADB0-BE044993FE32}.Ad-Hoc|Any CPU.ActiveCfg = Release|Any CPU
		{C2026558-FFF3-4EB5-ADB0-BE044993FE32}.Ad-Hoc|Any CPU.Build.0 = Release|Any CPU
		{C2026558-FFF3-4EB5-ADB0-BE044993FE32}.Ad-Hoc|Any CPU.Deploy.0 = Release|Any CPU
		{C2026558-FFF3-4EB5-ADB0-BE044993FE32}.Ad-Hoc|ARM.ActiveCfg = Release|ARM
		{C2026558-FFF3-4EB5-ADB0-BE044993FE32}.Ad-Hoc|ARM.Build.0 = Release|ARM
		{C2026558-FFF3-4EB5-ADB0-BE044993FE32}.Ad-Hoc|ARM.Deploy.0 = Release|ARM
		{C2026558-FFF3-4EB5-ADB0-BE044993FE32}.Ad-Hoc|iPhone.ActiveCfg = Release|Any CPU
		{C2026558-FFF3-4EB5-ADB0-BE044993FE32}.Ad-Hoc|iPhoneSimulator.ActiveCfg = Release|Any CPU
		{C2026558-FFF3-4EB5-ADB0-BE044993FE32}.Ad-Hoc|Mixed Platforms.ActiveCfg = Release|x86
		{C2026558-FFF3-4EB5-ADB0-BE044993FE32}.Ad-Hoc|Mixed Platforms.Build.0 = Release|x86
		{C2026558-FFF3-4EB5-ADB0-BE044993FE32}.Ad-Hoc|Mixed Platforms.Deploy.0 = Release|x86
		{C2026558-FFF3-4EB5-ADB0-BE044993FE32}.Ad-Hoc|x86.ActiveCfg = Release|x86
		{C2026558-FFF3-4EB5-ADB0-BE044993FE32}.Ad-Hoc|x86.Build.0 = Release|x86
		{C2026558-FFF3-4EB5-ADB0-BE044993FE32}.Ad-Hoc|x86.Deploy.0 = Release|x86
		{C2026558-FFF3-4EB5-ADB0-BE044993FE32}.AppStore|Any CPU.ActiveCfg = Release|Any CPU
		{C2026558-FFF3-4EB5-ADB0-BE044993FE32}.AppStore|Any CPU.Build.0 = Release|Any CPU
		{C2026558-FFF3-4EB5-ADB0-BE044993FE32}.AppStore|Any CPU.Deploy.0 = Release|Any CPU
		{C2026558-FFF3-4EB5-ADB0-BE044993FE32}.AppStore|ARM.ActiveCfg = Release|ARM
		{C2026558-FFF3-4EB5-ADB0-BE044993FE32}.AppStore|ARM.Build.0 = Release|ARM
		{C2026558-FFF3-4EB5-ADB0-BE044993FE32}.AppStore|ARM.Deploy.0 = Release|ARM
		{C2026558-FFF3-4EB5-ADB0-BE044993FE32}.AppStore|iPhone.ActiveCfg = Release|Any CPU
		{C2026558-FFF3-4EB5-ADB0-BE044993FE32}.AppStore|iPhoneSimulator.ActiveCfg = Release|Any CPU
		{C2026558-FFF3-4EB5-ADB0-BE044993FE32}.AppStore|Mixed Platforms.ActiveCfg = Release|x86
		{C2026558-FFF3-4EB5-ADB0-BE044993FE32}.AppStore|Mixed Platforms.Build.0 = Release|x86
		{C2026558-FFF3-4EB5-ADB0-BE044993FE32}.AppStore|Mixed Platforms.Deploy.0 = Release|x86
		{C2026558-FFF3-4EB5-ADB0-BE044993FE32}.AppStore|x86.ActiveCfg = Release|x86
		{C2026558-FFF3-4EB5-ADB0-BE044993FE32}.AppStore|x86.Build.0 = Release|x86
		{C2026558-FFF3-4EB5-ADB0-BE044993FE32}.AppStore|x86.Deploy.0 = Release|x86
		{C2026558-FFF3-4EB5-ADB0-BE044993FE32}.Debug|Any CPU.ActiveCfg = Debug|Any CPU
		{C2026558-FFF3-4EB5-ADB0-BE044993FE32}.Debug|Any CPU.Build.0 = Debug|Any CPU
		{C2026558-FFF3-4EB5-ADB0-BE044993FE32}.Debug|Any CPU.Deploy.0 = Debug|Any CPU
		{C2026558-FFF3-4EB5-ADB0-BE044993FE32}.Debug|ARM.ActiveCfg = Debug|ARM
		{C2026558-FFF3-4EB5-ADB0-BE044993FE32}.Debug|ARM.Build.0 = Debug|ARM
		{C2026558-FFF3-4EB5-ADB0-BE044993FE32}.Debug|ARM.Deploy.0 = Debug|ARM
		{C2026558-FFF3-4EB5-ADB0-BE044993FE32}.Debug|iPhone.ActiveCfg = Debug|Any CPU
		{C2026558-FFF3-4EB5-ADB0-BE044993FE32}.Debug|iPhoneSimulator.ActiveCfg = Debug|Any CPU
		{C2026558-FFF3-4EB5-ADB0-BE044993FE32}.Debug|Mixed Platforms.ActiveCfg = Debug|x86
		{C2026558-FFF3-4EB5-ADB0-BE044993FE32}.Debug|Mixed Platforms.Build.0 = Debug|x86
		{C2026558-FFF3-4EB5-ADB0-BE044993FE32}.Debug|Mixed Platforms.Deploy.0 = Debug|x86
		{C2026558-FFF3-4EB5-ADB0-BE044993FE32}.Debug|x86.ActiveCfg = Debug|x86
		{C2026558-FFF3-4EB5-ADB0-BE044993FE32}.Debug|x86.Build.0 = Debug|x86
		{C2026558-FFF3-4EB5-ADB0-BE044993FE32}.Debug|x86.Deploy.0 = Debug|x86
		{C2026558-FFF3-4EB5-ADB0-BE044993FE32}.Release|Any CPU.ActiveCfg = Release|Any CPU
		{C2026558-FFF3-4EB5-ADB0-BE044993FE32}.Release|Any CPU.Build.0 = Release|Any CPU
		{C2026558-FFF3-4EB5-ADB0-BE044993FE32}.Release|Any CPU.Deploy.0 = Release|Any CPU
		{C2026558-FFF3-4EB5-ADB0-BE044993FE32}.Release|ARM.ActiveCfg = Release|ARM
		{C2026558-FFF3-4EB5-ADB0-BE044993FE32}.Release|ARM.Build.0 = Release|ARM
		{C2026558-FFF3-4EB5-ADB0-BE044993FE32}.Release|ARM.Deploy.0 = Release|ARM
		{C2026558-FFF3-4EB5-ADB0-BE044993FE32}.Release|iPhone.ActiveCfg = Release|Any CPU
		{C2026558-FFF3-4EB5-ADB0-BE044993FE32}.Release|iPhoneSimulator.ActiveCfg = Release|Any CPU
		{C2026558-FFF3-4EB5-ADB0-BE044993FE32}.Release|Mixed Platforms.ActiveCfg = Release|x86
		{C2026558-FFF3-4EB5-ADB0-BE044993FE32}.Release|Mixed Platforms.Build.0 = Release|x86
		{C2026558-FFF3-4EB5-ADB0-BE044993FE32}.Release|Mixed Platforms.Deploy.0 = Release|x86
		{C2026558-FFF3-4EB5-ADB0-BE044993FE32}.Release|x86.ActiveCfg = Release|x86
		{C2026558-FFF3-4EB5-ADB0-BE044993FE32}.Release|x86.Build.0 = Release|x86
		{C2026558-FFF3-4EB5-ADB0-BE044993FE32}.Release|x86.Deploy.0 = Release|x86
	EndGlobalSection
	GlobalSection(SolutionProperties) = preSolution
		HideSolutionNode = FALSE
	EndGlobalSection
	GlobalSection(MonoDevelopProperties) = preSolution
		StartupItem = StocksiOS\StocksiOS.csproj
	EndGlobalSection
EndGlobal
